// !$*UTF8*$!
{
	archiveVersion = 1;
	classes = {
	};
	objectVersion = 55;
	objects = {

/* Begin PBXBuildFile section */
		A32AEFE228E96E2900690C82 /* BackendAPI in Frameworks */ = {isa = PBXBuildFile; productRef = A32AEFE128E96E2900690C82 /* BackendAPI */; };
		A32AEFE428E9756700690C82 /* BackendAPI in Resources */ = {isa = PBXBuildFile; fileRef = A32AEFE328E9756700690C82 /* BackendAPI */; };
		A33FA93428E847CB0041FE94 /* ApplicationCoordinatorTest.swift in Sources */ = {isa = PBXBuildFile; fileRef = A33FA93328E847CB0041FE94 /* ApplicationCoordinatorTest.swift */; };
		A33FA93728E84D0F0041FE94 /* AnyCoordinator.swift in Sources */ = {isa = PBXBuildFile; fileRef = A33FA93628E84D0F0041FE94 /* AnyCoordinator.swift */; };
		A33FA93928E84E110041FE94 /* ICoordinator.swift in Sources */ = {isa = PBXBuildFile; fileRef = A33FA93828E84E110041FE94 /* ICoordinator.swift */; };
		A33FA93C28E84F730041FE94 /* GlobalDefinitions.swift in Sources */ = {isa = PBXBuildFile; fileRef = A33FA93B28E84F730041FE94 /* GlobalDefinitions.swift */; };
		A33FA93F28E86DC40041FE94 /* ApplicationCoordinatorDummy.swift in Sources */ = {isa = PBXBuildFile; fileRef = A33FA93E28E86DC40041FE94 /* ApplicationCoordinatorDummy.swift */; };
		A33FA94228E86F020041FE94 /* OtherCoordinatorDummy.swift in Sources */ = {isa = PBXBuildFile; fileRef = A33FA94128E86F020041FE94 /* OtherCoordinatorDummy.swift */; };
		A37E9C7C28E84390008980E9 /* AppDelegate.swift in Sources */ = {isa = PBXBuildFile; fileRef = A37E9C7B28E84390008980E9 /* AppDelegate.swift */; };
		A37E9C7E28E84390008980E9 /* SceneDelegate.swift in Sources */ = {isa = PBXBuildFile; fileRef = A37E9C7D28E84390008980E9 /* SceneDelegate.swift */; };
		A37E9C8028E84390008980E9 /* ViewController.swift in Sources */ = {isa = PBXBuildFile; fileRef = A37E9C7F28E84390008980E9 /* ViewController.swift */; };
		A37E9C8328E84390008980E9 /* Main.storyboard in Resources */ = {isa = PBXBuildFile; fileRef = A37E9C8128E84390008980E9 /* Main.storyboard */; };
		A37E9C8528E84391008980E9 /* Assets.xcassets in Resources */ = {isa = PBXBuildFile; fileRef = A37E9C8428E84391008980E9 /* Assets.xcassets */; };
		A37E9C8828E84391008980E9 /* LaunchScreen.storyboard in Resources */ = {isa = PBXBuildFile; fileRef = A37E9C8628E84391008980E9 /* LaunchScreen.storyboard */; };
		A37E9C9328E84391008980E9 /* GithubUsersTests.swift in Sources */ = {isa = PBXBuildFile; fileRef = A37E9C9228E84391008980E9 /* GithubUsersTests.swift */; };
		A37E9C9D28E84391008980E9 /* GithubUsersUITests.swift in Sources */ = {isa = PBXBuildFile; fileRef = A37E9C9C28E84391008980E9 /* GithubUsersUITests.swift */; };
		A37E9C9F28E84391008980E9 /* GithubUsersUITestsLaunchTests.swift in Sources */ = {isa = PBXBuildFile; fileRef = A37E9C9E28E84391008980E9 /* GithubUsersUITestsLaunchTests.swift */; };
/* End PBXBuildFile section */

/* Begin PBXContainerItemProxy section */
		A37E9C8F28E84391008980E9 /* PBXContainerItemProxy */ = {
			isa = PBXContainerItemProxy;
			containerPortal = A37E9C7028E84390008980E9 /* Project object */;
			proxyType = 1;
			remoteGlobalIDString = A37E9C7728E84390008980E9;
			remoteInfo = GithubUsers;
		};
		A37E9C9928E84391008980E9 /* PBXContainerItemProxy */ = {
			isa = PBXContainerItemProxy;
			containerPortal = A37E9C7028E84390008980E9 /* Project object */;
			proxyType = 1;
			remoteGlobalIDString = A37E9C7728E84390008980E9;
			remoteInfo = GithubUsers;
		};
/* End PBXContainerItemProxy section */

/* Begin PBXFileReference section */
		A32AEFE328E9756700690C82 /* BackendAPI */ = {isa = PBXFileReference; lastKnownFileType = wrapper; path = BackendAPI; sourceTree = "<group>"; };
		A33FA93328E847CB0041FE94 /* ApplicationCoordinatorTest.swift */ = {isa = PBXFileReference; lastKnownFileType = sourcecode.swift; path = ApplicationCoordinatorTest.swift; sourceTree = "<group>"; };
		A33FA93628E84D0F0041FE94 /* AnyCoordinator.swift */ = {isa = PBXFileReference; lastKnownFileType = sourcecode.swift; path = AnyCoordinator.swift; sourceTree = "<group>"; };
		A33FA93828E84E110041FE94 /* ICoordinator.swift */ = {isa = PBXFileReference; lastKnownFileType = sourcecode.swift; path = ICoordinator.swift; sourceTree = "<group>"; };
		A33FA93B28E84F730041FE94 /* GlobalDefinitions.swift */ = {isa = PBXFileReference; lastKnownFileType = sourcecode.swift; path = GlobalDefinitions.swift; sourceTree = "<group>"; };
		A33FA93E28E86DC40041FE94 /* ApplicationCoordinatorDummy.swift */ = {isa = PBXFileReference; lastKnownFileType = sourcecode.swift; path = ApplicationCoordinatorDummy.swift; sourceTree = "<group>"; };
		A33FA94128E86F020041FE94 /* OtherCoordinatorDummy.swift */ = {isa = PBXFileReference; lastKnownFileType = sourcecode.swift; path = OtherCoordinatorDummy.swift; sourceTree = "<group>"; };
		A37E9C7828E84390008980E9 /* GithubUsers.app */ = {isa = PBXFileReference; explicitFileType = wrapper.application; includeInIndex = 0; path = GithubUsers.app; sourceTree = BUILT_PRODUCTS_DIR; };
		A37E9C7B28E84390008980E9 /* AppDelegate.swift */ = {isa = PBXFileReference; lastKnownFileType = sourcecode.swift; path = AppDelegate.swift; sourceTree = "<group>"; };
		A37E9C7D28E84390008980E9 /* SceneDelegate.swift */ = {isa = PBXFileReference; lastKnownFileType = sourcecode.swift; path = SceneDelegate.swift; sourceTree = "<group>"; };
		A37E9C7F28E84390008980E9 /* ViewController.swift */ = {isa = PBXFileReference; lastKnownFileType = sourcecode.swift; path = ViewController.swift; sourceTree = "<group>"; };
		A37E9C8228E84390008980E9 /* Base */ = {isa = PBXFileReference; lastKnownFileType = file.storyboard; name = Base; path = Base.lproj/Main.storyboard; sourceTree = "<group>"; };
		A37E9C8428E84391008980E9 /* Assets.xcassets */ = {isa = PBXFileReference; lastKnownFileType = folder.assetcatalog; path = Assets.xcassets; sourceTree = "<group>"; };
		A37E9C8728E84391008980E9 /* Base */ = {isa = PBXFileReference; lastKnownFileType = file.storyboard; name = Base; path = Base.lproj/LaunchScreen.storyboard; sourceTree = "<group>"; };
		A37E9C8928E84391008980E9 /* Info.plist */ = {isa = PBXFileReference; lastKnownFileType = text.plist.xml; path = Info.plist; sourceTree = "<group>"; };
		A37E9C8E28E84391008980E9 /* GithubUsersTests.xctest */ = {isa = PBXFileReference; explicitFileType = wrapper.cfbundle; includeInIndex = 0; path = GithubUsersTests.xctest; sourceTree = BUILT_PRODUCTS_DIR; };
		A37E9C9228E84391008980E9 /* GithubUsersTests.swift */ = {isa = PBXFileReference; lastKnownFileType = sourcecode.swift; path = GithubUsersTests.swift; sourceTree = "<group>"; };
		A37E9C9828E84391008980E9 /* GithubUsersUITests.xctest */ = {isa = PBXFileReference; explicitFileType = wrapper.cfbundle; includeInIndex = 0; path = GithubUsersUITests.xctest; sourceTree = BUILT_PRODUCTS_DIR; };
		A37E9C9C28E84391008980E9 /* GithubUsersUITests.swift */ = {isa = PBXFileReference; lastKnownFileType = sourcecode.swift; path = GithubUsersUITests.swift; sourceTree = "<group>"; };
		A37E9C9E28E84391008980E9 /* GithubUsersUITestsLaunchTests.swift */ = {isa = PBXFileReference; lastKnownFileType = sourcecode.swift; path = GithubUsersUITestsLaunchTests.swift; sourceTree = "<group>"; };
/* End PBXFileReference section */

/* Begin PBXFrameworksBuildPhase section */
		A37E9C7528E84390008980E9 /* Frameworks */ = {
			isa = PBXFrameworksBuildPhase;
			buildActionMask = 2147483647;
			files = (
				A32AEFE228E96E2900690C82 /* BackendAPI in Frameworks */,
			);
			runOnlyForDeploymentPostprocessing = 0;
		};
		A37E9C8B28E84391008980E9 /* Frameworks */ = {
			isa = PBXFrameworksBuildPhase;
			buildActionMask = 2147483647;
			files = (
			);
			runOnlyForDeploymentPostprocessing = 0;
		};
		A37E9C9528E84391008980E9 /* Frameworks */ = {
			isa = PBXFrameworksBuildPhase;
			buildActionMask = 2147483647;
			files = (
			);
			runOnlyForDeploymentPostprocessing = 0;
		};
/* End PBXFrameworksBuildPhase section */

/* Begin PBXGroup section */
		A32AEFE028E96E2900690C82 /* Frameworks */ = {
			isa = PBXGroup;
			children = (
			);
			name = Frameworks;
			sourceTree = "<group>";
		};
		A33FA93528E84CF30041FE94 /* Coordinators */ = {
			isa = PBXGroup;
			children = (
				A33FA93828E84E110041FE94 /* ICoordinator.swift */,
				A33FA93628E84D0F0041FE94 /* AnyCoordinator.swift */,
			);
			path = Coordinators;
			sourceTree = "<group>";
		};
		A33FA93A28E84F520041FE94 /* Definitions */ = {
			isa = PBXGroup;
			children = (
				A33FA93B28E84F730041FE94 /* GlobalDefinitions.swift */,
			);
			path = Definitions;
			sourceTree = "<group>";
		};
		A33FA93D28E86D9E0041FE94 /* Stubs */ = {
			isa = PBXGroup;
			children = (
			);
			path = Stubs;
			sourceTree = "<group>";
		};
		A33FA94028E86EB80041FE94 /* Dummies */ = {
			isa = PBXGroup;
			children = (
				A33FA93E28E86DC40041FE94 /* ApplicationCoordinatorDummy.swift */,
				A33FA94128E86F020041FE94 /* OtherCoordinatorDummy.swift */,
			);
			path = Dummies;
			sourceTree = "<group>";
		};
		A37E9C6F28E84390008980E9 = {
			isa = PBXGroup;
			children = (
				A32AEFE328E9756700690C82 /* BackendAPI */,
				A37E9C7A28E84390008980E9 /* GithubUsers */,
				A37E9C9128E84391008980E9 /* GithubUsersTests */,
				A37E9C9B28E84391008980E9 /* GithubUsersUITests */,
				A37E9C7928E84390008980E9 /* Products */,
				A32AEFE028E96E2900690C82 /* Frameworks */,
			);
			sourceTree = "<group>";
		};
		A37E9C7928E84390008980E9 /* Products */ = {
			isa = PBXGroup;
			children = (
				A37E9C7828E84390008980E9 /* GithubUsers.app */,
				A37E9C8E28E84391008980E9 /* GithubUsersTests.xctest */,
				A37E9C9828E84391008980E9 /* GithubUsersUITests.xctest */,
			);
			name = Products;
			sourceTree = "<group>";
		};
		A37E9C7A28E84390008980E9 /* GithubUsers */ = {
			isa = PBXGroup;
			children = (
				A33FA93528E84CF30041FE94 /* Coordinators */,
				A33FA93A28E84F520041FE94 /* Definitions */,
				A37E9C7B28E84390008980E9 /* AppDelegate.swift */,
				A37E9C7D28E84390008980E9 /* SceneDelegate.swift */,
				A37E9C7F28E84390008980E9 /* ViewController.swift */,
				A37E9C8128E84390008980E9 /* Main.storyboard */,
				A37E9C8428E84391008980E9 /* Assets.xcassets */,
				A37E9C8628E84391008980E9 /* LaunchScreen.storyboard */,
				A37E9C8928E84391008980E9 /* Info.plist */,
			);
			path = GithubUsers;
			sourceTree = "<group>";
		};
		A37E9C9128E84391008980E9 /* GithubUsersTests */ = {
			isa = PBXGroup;
			children = (
				A33FA94028E86EB80041FE94 /* Dummies */,
				A33FA93D28E86D9E0041FE94 /* Stubs */,
				A33FA93328E847CB0041FE94 /* ApplicationCoordinatorTest.swift */,
				A37E9C9228E84391008980E9 /* GithubUsersTests.swift */,
			);
			path = GithubUsersTests;
			sourceTree = "<group>";
		};
		A37E9C9B28E84391008980E9 /* GithubUsersUITests */ = {
			isa = PBXGroup;
			children = (
				A37E9C9C28E84391008980E9 /* GithubUsersUITests.swift */,
				A37E9C9E28E84391008980E9 /* GithubUsersUITestsLaunchTests.swift */,
			);
			path = GithubUsersUITests;
			sourceTree = "<group>";
		};
/* End PBXGroup section */

/* Begin PBXNativeTarget section */
		A37E9C7728E84390008980E9 /* GithubUsers */ = {
			isa = PBXNativeTarget;
			buildConfigurationList = A37E9CA228E84391008980E9 /* Build configuration list for PBXNativeTarget "GithubUsers" */;
			buildPhases = (
				A37E9C7428E84390008980E9 /* Sources */,
				A37E9C7528E84390008980E9 /* Frameworks */,
				A37E9C7628E84390008980E9 /* Resources */,
			);
			buildRules = (
			);
			dependencies = (
			);
			name = GithubUsers;
			packageProductDependencies = (
				A32AEFE128E96E2900690C82 /* BackendAPI */,
			);
			productName = GithubUsers;
			productReference = A37E9C7828E84390008980E9 /* GithubUsers.app */;
			productType = "com.apple.product-type.application";
		};
		A37E9C8D28E84391008980E9 /* GithubUsersTests */ = {
			isa = PBXNativeTarget;
			buildConfigurationList = A37E9CA528E84391008980E9 /* Build configuration list for PBXNativeTarget "GithubUsersTests" */;
			buildPhases = (
				A37E9C8A28E84391008980E9 /* Sources */,
				A37E9C8B28E84391008980E9 /* Frameworks */,
				A37E9C8C28E84391008980E9 /* Resources */,
			);
			buildRules = (
			);
			dependencies = (
				A37E9C9028E84391008980E9 /* PBXTargetDependency */,
			);
			name = GithubUsersTests;
			productName = GithubUsersTests;
			productReference = A37E9C8E28E84391008980E9 /* GithubUsersTests.xctest */;
			productType = "com.apple.product-type.bundle.unit-test";
		};
		A37E9C9728E84391008980E9 /* GithubUsersUITests */ = {
			isa = PBXNativeTarget;
			buildConfigurationList = A37E9CA828E84391008980E9 /* Build configuration list for PBXNativeTarget "GithubUsersUITests" */;
			buildPhases = (
				A37E9C9428E84391008980E9 /* Sources */,
				A37E9C9528E84391008980E9 /* Frameworks */,
				A37E9C9628E84391008980E9 /* Resources */,
			);
			buildRules = (
			);
			dependencies = (
				A37E9C9A28E84391008980E9 /* PBXTargetDependency */,
			);
			name = GithubUsersUITests;
			productName = GithubUsersUITests;
			productReference = A37E9C9828E84391008980E9 /* GithubUsersUITests.xctest */;
			productType = "com.apple.product-type.bundle.ui-testing";
		};
/* End PBXNativeTarget section */

/* Begin PBXProject section */
		A37E9C7028E84390008980E9 /* Project object */ = {
			isa = PBXProject;
			attributes = {
				BuildIndependentTargetsInParallel = 1;
				LastSwiftUpdateCheck = 1340;
				LastUpgradeCheck = 1340;
				TargetAttributes = {
					A37E9C7728E84390008980E9 = {
						CreatedOnToolsVersion = 13.4;
					};
					A37E9C8D28E84391008980E9 = {
						CreatedOnToolsVersion = 13.4;
						TestTargetID = A37E9C7728E84390008980E9;
					};
					A37E9C9728E84391008980E9 = {
						CreatedOnToolsVersion = 13.4;
						TestTargetID = A37E9C7728E84390008980E9;
					};
				};
			};
			buildConfigurationList = A37E9C7328E84390008980E9 /* Build configuration list for PBXProject "GithubUsers" */;
			compatibilityVersion = "Xcode 13.0";
			developmentRegion = en;
			hasScannedForEncodings = 0;
			knownRegions = (
				en,
				Base,
			);
			mainGroup = A37E9C6F28E84390008980E9;
			productRefGroup = A37E9C7928E84390008980E9 /* Products */;
			projectDirPath = "";
			projectRoot = "";
			targets = (
				A37E9C7728E84390008980E9 /* GithubUsers */,
				A37E9C8D28E84391008980E9 /* GithubUsersTests */,
				A37E9C9728E84391008980E9 /* GithubUsersUITests */,
			);
		};
/* End PBXProject section */

/* Begin PBXResourcesBuildPhase section */
		A37E9C7628E84390008980E9 /* Resources */ = {
			isa = PBXResourcesBuildPhase;
			buildActionMask = 2147483647;
			files = (
				A32AEFE428E9756700690C82 /* BackendAPI in Resources */,
				A37E9C8828E84391008980E9 /* LaunchScreen.storyboard in Resources */,
				A37E9C8528E84391008980E9 /* Assets.xcassets in Resources */,
				A37E9C8328E84390008980E9 /* Main.storyboard in Resources */,
			);
			runOnlyForDeploymentPostprocessing = 0;
		};
		A37E9C8C28E84391008980E9 /* Resources */ = {
			isa = PBXResourcesBuildPhase;
			buildActionMask = 2147483647;
			files = (
			);
			runOnlyForDeploymentPostprocessing = 0;
		};
		A37E9C9628E84391008980E9 /* Resources */ = {
			isa = PBXResourcesBuildPhase;
			buildActionMask = 2147483647;
			files = (
			);
			runOnlyForDeploymentPostprocessing = 0;
		};
/* End PBXResourcesBuildPhase section */

/* Begin PBXSourcesBuildPhase section */
		A37E9C7428E84390008980E9 /* Sources */ = {
			isa = PBXSourcesBuildPhase;
			buildActionMask = 2147483647;
			files = (
				A37E9C8028E84390008980E9 /* ViewController.swift in Sources */,
				A33FA93C28E84F730041FE94 /* GlobalDefinitions.swift in Sources */,
				A37E9C7C28E84390008980E9 /* AppDelegate.swift in Sources */,
				A37E9C7E28E84390008980E9 /* SceneDelegate.swift in Sources */,
				A33FA93728E84D0F0041FE94 /* AnyCoordinator.swift in Sources */,
				A33FA93928E84E110041FE94 /* ICoordinator.swift in Sources */,
			);
			runOnlyForDeploymentPostprocessing = 0;
		};
		A37E9C8A28E84391008980E9 /* Sources */ = {
			isa = PBXSourcesBuildPhase;
			buildActionMask = 2147483647;
			files = (
				A33FA94228E86F020041FE94 /* OtherCoordinatorDummy.swift in Sources */,
				A37E9C9328E84391008980E9 /* GithubUsersTests.swift in Sources */,
				A33FA93F28E86DC40041FE94 /* ApplicationCoordinatorDummy.swift in Sources */,
				A33FA93428E847CB0041FE94 /* ApplicationCoordinatorTest.swift in Sources */,
			);
			runOnlyForDeploymentPostprocessing = 0;
		};
		A37E9C9428E84391008980E9 /* Sources */ = {
			isa = PBXSourcesBuildPhase;
			buildActionMask = 2147483647;
			files = (
				A37E9C9F28E84391008980E9 /* GithubUsersUITestsLaunchTests.swift in Sources */,
				A37E9C9D28E84391008980E9 /* GithubUsersUITests.swift in Sources */,
			);
			runOnlyForDeploymentPostprocessing = 0;
		};
/* End PBXSourcesBuildPhase section */

/* Begin PBXTargetDependency section */
		A37E9C9028E84391008980E9 /* PBXTargetDependency */ = {
			isa = PBXTargetDependency;
			target = A37E9C7728E84390008980E9 /* GithubUsers */;
			targetProxy = A37E9C8F28E84391008980E9 /* PBXContainerItemProxy */;
		};
		A37E9C9A28E84391008980E9 /* PBXTargetDependency */ = {
			isa = PBXTargetDependency;
			target = A37E9C7728E84390008980E9 /* GithubUsers */;
			targetProxy = A37E9C9928E84391008980E9 /* PBXContainerItemProxy */;
		};
/* End PBXTargetDependency section */

/* Begin PBXVariantGroup section */
		A37E9C8128E84390008980E9 /* Main.storyboard */ = {
			isa = PBXVariantGroup;
			children = (
				A37E9C8228E84390008980E9 /* Base */,
			);
			name = Main.storyboard;
			sourceTree = "<group>";
		};
		A37E9C8628E84391008980E9 /* LaunchScreen.storyboard */ = {
			isa = PBXVariantGroup;
			children = (
				A37E9C8728E84391008980E9 /* Base */,
			);
			name = LaunchScreen.storyboard;
			sourceTree = "<group>";
		};
/* End PBXVariantGroup section */

/* Begin XCBuildConfiguration section */
		A37E9CA028E84391008980E9 /* Debug */ = {
			isa = XCBuildConfiguration;
			buildSettings = {
				ALWAYS_SEARCH_USER_PATHS = NO;
				CLANG_ANALYZER_NONNULL = YES;
				CLANG_ANALYZER_NUMBER_OBJECT_CONVERSION = YES_AGGRESSIVE;
				CLANG_CXX_LANGUAGE_STANDARD = "gnu++17";
				CLANG_ENABLE_MODULES = YES;
				CLANG_ENABLE_OBJC_ARC = YES;
				CLANG_ENABLE_OBJC_WEAK = YES;
				CLANG_WARN_BLOCK_CAPTURE_AUTORELEASING = YES;
				CLANG_WARN_BOOL_CONVERSION = YES;
				CLANG_WARN_COMMA = YES;
				CLANG_WARN_CONSTANT_CONVERSION = YES;
				CLANG_WARN_DEPRECATED_OBJC_IMPLEMENTATIONS = YES;
				CLANG_WARN_DIRECT_OBJC_ISA_USAGE = YES_ERROR;
				CLANG_WARN_DOCUMENTATION_COMMENTS = YES;
				CLANG_WARN_EMPTY_BODY = YES;
				CLANG_WARN_ENUM_CONVERSION = YES;
				CLANG_WARN_INFINITE_RECURSION = YES;
				CLANG_WARN_INT_CONVERSION = YES;
				CLANG_WARN_NON_LITERAL_NULL_CONVERSION = YES;
				CLANG_WARN_OBJC_IMPLICIT_RETAIN_SELF = YES;
				CLANG_WARN_OBJC_LITERAL_CONVERSION = YES;
				CLANG_WARN_OBJC_ROOT_CLASS = YES_ERROR;
				CLANG_WARN_QUOTED_INCLUDE_IN_FRAMEWORK_HEADER = YES;
				CLANG_WARN_RANGE_LOOP_ANALYSIS = YES;
				CLANG_WARN_STRICT_PROTOTYPES = YES;
				CLANG_WARN_SUSPICIOUS_MOVE = YES;
				CLANG_WARN_UNGUARDED_AVAILABILITY = YES_AGGRESSIVE;
				CLANG_WARN_UNREACHABLE_CODE = YES;
				CLANG_WARN__DUPLICATE_METHOD_MATCH = YES;
				COPY_PHASE_STRIP = NO;
				DEBUG_INFORMATION_FORMAT = dwarf;
				ENABLE_STRICT_OBJC_MSGSEND = YES;
				ENABLE_TESTABILITY = YES;
				GCC_C_LANGUAGE_STANDARD = gnu11;
				GCC_DYNAMIC_NO_PIC = NO;
				GCC_NO_COMMON_BLOCKS = YES;
				GCC_OPTIMIZATION_LEVEL = 0;
				GCC_PREPROCESSOR_DEFINITIONS = (
					"DEBUG=1",
					"$(inherited)",
				);
				GCC_WARN_64_TO_32_BIT_CONVERSION = YES;
				GCC_WARN_ABOUT_RETURN_TYPE = YES_ERROR;
				GCC_WARN_UNDECLARED_SELECTOR = YES;
				GCC_WARN_UNINITIALIZED_AUTOS = YES_AGGRESSIVE;
				GCC_WARN_UNUSED_FUNCTION = YES;
				GCC_WARN_UNUSED_VARIABLE = YES;
				IPHONEOS_DEPLOYMENT_TARGET = 15.5;
				MTL_ENABLE_DEBUG_INFO = INCLUDE_SOURCE;
				MTL_FAST_MATH = YES;
				ONLY_ACTIVE_ARCH = YES;
				SDKROOT = iphoneos;
				SWIFT_ACTIVE_COMPILATION_CONDITIONS = DEBUG;
				SWIFT_OPTIMIZATION_LEVEL = "-Onone";
			};
			name = Debug;
		};
		A37E9CA128E84391008980E9 /* Release */ = {
			isa = XCBuildConfiguration;
			buildSettings = {
				ALWAYS_SEARCH_USER_PATHS = NO;
				CLANG_ANALYZER_NONNULL = YES;
				CLANG_ANALYZER_NUMBER_OBJECT_CONVERSION = YES_AGGRESSIVE;
				CLANG_CXX_LANGUAGE_STANDARD = "gnu++17";
				CLANG_ENABLE_MODULES = YES;
				CLANG_ENABLE_OBJC_ARC = YES;
				CLANG_ENABLE_OBJC_WEAK = YES;
				CLANG_WARN_BLOCK_CAPTURE_AUTORELEASING = YES;
				CLANG_WARN_BOOL_CONVERSION = YES;
				CLANG_WARN_COMMA = YES;
				CLANG_WARN_CONSTANT_CONVERSION = YES;
				CLANG_WARN_DEPRECATED_OBJC_IMPLEMENTATIONS = YES;
				CLANG_WARN_DIRECT_OBJC_ISA_USAGE = YES_ERROR;
				CLANG_WARN_DOCUMENTATION_COMMENTS = YES;
				CLANG_WARN_EMPTY_BODY = YES;
				CLANG_WARN_ENUM_CONVERSION = YES;
				CLANG_WARN_INFINITE_RECURSION = YES;
				CLANG_WARN_INT_CONVERSION = YES;
				CLANG_WARN_NON_LITERAL_NULL_CONVERSION = YES;
				CLANG_WARN_OBJC_IMPLICIT_RETAIN_SELF = YES;
				CLANG_WARN_OBJC_LITERAL_CONVERSION = YES;
				CLANG_WARN_OBJC_ROOT_CLASS = YES_ERROR;
				CLANG_WARN_QUOTED_INCLUDE_IN_FRAMEWORK_HEADER = YES;
				CLANG_WARN_RANGE_LOOP_ANALYSIS = YES;
				CLANG_WARN_STRICT_PROTOTYPES = YES;
				CLANG_WARN_SUSPICIOUS_MOVE = YES;
				CLANG_WARN_UNGUARDED_AVAILABILITY = YES_AGGRESSIVE;
				CLANG_WARN_UNREACHABLE_CODE = YES;
				CLANG_WARN__DUPLICATE_METHOD_MATCH = YES;
				COPY_PHASE_STRIP = NO;
				DEBUG_INFORMATION_FORMAT = "dwarf-with-dsym";
				ENABLE_NS_ASSERTIONS = NO;
				ENABLE_STRICT_OBJC_MSGSEND = YES;
				GCC_C_LANGUAGE_STANDARD = gnu11;
				GCC_NO_COMMON_BLOCKS = YES;
				GCC_WARN_64_TO_32_BIT_CONVERSION = YES;
				GCC_WARN_ABOUT_RETURN_TYPE = YES_ERROR;
				GCC_WARN_UNDECLARED_SELECTOR = YES;
				GCC_WARN_UNINITIALIZED_AUTOS = YES_AGGRESSIVE;
				GCC_WARN_UNUSED_FUNCTION = YES;
				GCC_WARN_UNUSED_VARIABLE = YES;
				IPHONEOS_DEPLOYMENT_TARGET = 15.5;
				MTL_ENABLE_DEBUG_INFO = NO;
				MTL_FAST_MATH = YES;
				SDKROOT = iphoneos;
				SWIFT_COMPILATION_MODE = wholemodule;
				SWIFT_OPTIMIZATION_LEVEL = "-O";
				VALIDATE_PRODUCT = YES;
			};
			name = Release;
		};
		A37E9CA328E84391008980E9 /* Debug */ = {
			isa = XCBuildConfiguration;
			buildSettings = {
				ASSETCATALOG_COMPILER_APPICON_NAME = AppIcon;
				ASSETCATALOG_COMPILER_GLOBAL_ACCENT_COLOR_NAME = AccentColor;
				CODE_SIGN_STYLE = Automatic;
				CURRENT_PROJECT_VERSION = 1;
				DEVELOPMENT_TEAM = AYARG7CLYP;
				GENERATE_INFOPLIST_FILE = YES;
				INFOPLIST_FILE = GithubUsers/Info.plist;
				INFOPLIST_KEY_UIApplicationSupportsIndirectInputEvents = YES;
				INFOPLIST_KEY_UILaunchStoryboardName = LaunchScreen;
				INFOPLIST_KEY_UIMainStoryboardFile = Main;
				INFOPLIST_KEY_UISupportedInterfaceOrientations_iPad = "UIInterfaceOrientationPortrait UIInterfaceOrientationPortraitUpsideDown UIInterfaceOrientationLandscapeLeft UIInterfaceOrientationLandscapeRight";
				INFOPLIST_KEY_UISupportedInterfaceOrientations_iPhone = "UIInterfaceOrientationPortrait UIInterfaceOrientationLandscapeLeft UIInterfaceOrientationLandscapeRight";
				LD_RUNPATH_SEARCH_PATHS = (
					"$(inherited)",
					"@executable_path/Frameworks",
				);
				MARKETING_VERSION = 1.0;
				PRODUCT_BUNDLE_IDENTIFIER = com.antonGorlov.GithubUsers;
				PRODUCT_NAME = "$(TARGET_NAME)";
				SWIFT_EMIT_LOC_STRINGS = YES;
				SWIFT_VERSION = 5.0;
				TARGETED_DEVICE_FAMILY = "1,2";
			};
			name = Debug;
		};
		A37E9CA428E84391008980E9 /* Release */ = {
			isa = XCBuildConfiguration;
			buildSettings = {
				ASSETCATALOG_COMPILER_APPICON_NAME = AppIcon;
				ASSETCATALOG_COMPILER_GLOBAL_ACCENT_COLOR_NAME = AccentColor;
				CODE_SIGN_STYLE = Automatic;
				CURRENT_PROJECT_VERSION = 1;
				DEVELOPMENT_TEAM = AYARG7CLYP;
				GENERATE_INFOPLIST_FILE = YES;
				INFOPLIST_FILE = GithubUsers/Info.plist;
				INFOPLIST_KEY_UIApplicationSupportsIndirectInputEvents = YES;
				INFOPLIST_KEY_UILaunchStoryboardName = LaunchScreen;
				INFOPLIST_KEY_UIMainStoryboardFile = Main;
				INFOPLIST_KEY_UISupportedInterfaceOrientations_iPad = "UIInterfaceOrientationPortrait UIInterfaceOrientationPortraitUpsideDown UIInterfaceOrientationLandscapeLeft UIInterfaceOrientationLandscapeRight";
				INFOPLIST_KEY_UISupportedInterfaceOrientations_iPhone = "UIInterfaceOrientationPortrait UIInterfaceOrientationLandscapeLeft UIInterfaceOrientationLandscapeRight";
				LD_RUNPATH_SEARCH_PATHS = (
					"$(inherited)",
					"@executable_path/Frameworks",
				);
				MARKETING_VERSION = 1.0;
				PRODUCT_BUNDLE_IDENTIFIER = com.antonGorlov.GithubUsers;
				PRODUCT_NAME = "$(TARGET_NAME)";
				SWIFT_EMIT_LOC_STRINGS = YES;
				SWIFT_VERSION = 5.0;
				TARGETED_DEVICE_FAMILY = "1,2";
			};
			name = Release;
		};
		A37E9CA628E84391008980E9 /* Debug */ = {
			isa = XCBuildConfiguration;
			buildSettings = {
				ALWAYS_EMBED_SWIFT_STANDARD_LIBRARIES = YES;
				BUNDLE_LOADER = "$(TEST_HOST)";
				CODE_SIGN_STYLE = Automatic;
				CURRENT_PROJECT_VERSION = 1;
				DEVELOPMENT_TEAM = AYARG7CLYP;
				GENERATE_INFOPLIST_FILE = YES;
				IPHONEOS_DEPLOYMENT_TARGET = 15.5;
				MARKETING_VERSION = 1.0;
				PRODUCT_BUNDLE_IDENTIFIER = com.antonGorlov.GithubUsersTests;
				PRODUCT_NAME = "$(TARGET_NAME)";
				SWIFT_EMIT_LOC_STRINGS = NO;
				SWIFT_VERSION = 5.0;
				TARGETED_DEVICE_FAMILY = "1,2";
				TEST_HOST = "$(BUILT_PRODUCTS_DIR)/GithubUsers.app/GithubUsers";
			};
			name = Debug;
		};
		A37E9CA728E84391008980E9 /* Release */ = {
			isa = XCBuildConfiguration;
			buildSettings = {
				ALWAYS_EMBED_SWIFT_STANDARD_LIBRARIES = YES;
				BUNDLE_LOADER = "$(TEST_HOST)";
				CODE_SIGN_STYLE = Automatic;
				CURRENT_PROJECT_VERSION = 1;
				DEVELOPMENT_TEAM = AYARG7CLYP;
				GENERATE_INFOPLIST_FILE = YES;
				IPHONEOS_DEPLOYMENT_TARGET = 15.5;
				MARKETING_VERSION = 1.0;
				PRODUCT_BUNDLE_IDENTIFIER = com.antonGorlov.GithubUsersTests;
				PRODUCT_NAME = "$(TARGET_NAME)";
				SWIFT_EMIT_LOC_STRINGS = NO;
				SWIFT_VERSION = 5.0;
				TARGETED_DEVICE_FAMILY = "1,2";
				TEST_HOST = "$(BUILT_PRODUCTS_DIR)/GithubUsers.app/GithubUsers";
			};
			name = Release;
		};
		A37E9CA928E84391008980E9 /* Debug */ = {
			isa = XCBuildConfiguration;
			buildSettings = {
				ALWAYS_EMBED_SWIFT_STANDARD_LIBRARIES = YES;
				CODE_SIGN_STYLE = Automatic;
				CURRENT_PROJECT_VERSION = 1;
				DEVELOPMENT_TEAM = AYARG7CLYP;
				GENERATE_INFOPLIST_FILE = YES;
				MARKETING_VERSION = 1.0;
				PRODUCT_BUNDLE_IDENTIFIER = com.antonGorlov.GithubUsersUITests;
				PRODUCT_NAME = "$(TARGET_NAME)";
				SWIFT_EMIT_LOC_STRINGS = NO;
				SWIFT_VERSION = 5.0;
				TARGETED_DEVICE_FAMILY = "1,2";
				TEST_TARGET_NAME = GithubUsers;
			};
			name = Debug;
		};
		A37E9CAA28E84391008980E9 /* Release */ = {
			isa = XCBuildConfiguration;
			buildSettings = {
				ALWAYS_EMBED_SWIFT_STANDARD_LIBRARIES = YES;
				CODE_SIGN_STYLE = Automatic;
				CURRENT_PROJECT_VERSION = 1;
				DEVELOPMENT_TEAM = AYARG7CLYP;
				GENERATE_INFOPLIST_FILE = YES;
				MARKETING_VERSION = 1.0;
				PRODUCT_BUNDLE_IDENTIFIER = com.antonGorlov.GithubUsersUITests;
				PRODUCT_NAME = "$(TARGET_NAME)";
				SWIFT_EMIT_LOC_STRINGS = NO;
				SWIFT_VERSION = 5.0;
				TARGETED_DEVICE_FAMILY = "1,2";
				TEST_TARGET_NAME = GithubUsers;
			};
			name = Release;
		};
/* End XCBuildConfiguration section */

/* Begin XCConfigurationList section */
		A37E9C7328E84390008980E9 /* Build configuration list for PBXProject "GithubUsers" */ = {
			isa = XCConfigurationList;
			buildConfigurations = (
				A37E9CA028E84391008980E9 /* Debug */,
				A37E9CA128E84391008980E9 /* Release */,
			);
			defaultConfigurationIsVisible = 0;
			defaultConfigurationName = Release;
		};
		A37E9CA228E84391008980E9 /* Build configuration list for PBXNativeTarget "GithubUsers" */ = {
			isa = XCConfigurationList;
			buildConfigurations = (
				A37E9CA328E84391008980E9 /* Debug */,
				A37E9CA428E84391008980E9 /* Release */,
			);
			defaultConfigurationIsVisible = 0;
			defaultConfigurationName = Release;
		};
		A37E9CA528E84391008980E9 /* Build configuration list for PBXNativeTarget "GithubUsersTests" */ = {
			isa = XCConfigurationList;
			buildConfigurations = (
				A37E9CA628E84391008980E9 /* Debug */,
				A37E9CA728E84391008980E9 /* Release */,
			);
			defaultConfigurationIsVisible = 0;
			defaultConfigurationName = Release;
		};
		A37E9CA828E84391008980E9 /* Build configuration list for PBXNativeTarget "GithubUsersUITests" */ = {
			isa = XCConfigurationList;
			buildConfigurations = (
				A37E9CA928E84391008980E9 /* Debug */,
				A37E9CAA28E84391008980E9 /* Release */,
			);
			defaultConfigurationIsVisible = 0;
			defaultConfigurationName = Release;
		};
/* End XCConfigurationList section */

/* Begin XCSwiftPackageProductDependency section */
		A32AEFE128E96E2900690C82 /* BackendAPI */ = {
			isa = XCSwiftPackageProductDependency;
			productName = BackendAPI;
		};
/* End XCSwiftPackageProductDependency section */
	};
	rootObject = A37E9C7028E84390008980E9 /* Project object */;
}
